
Microsoft Visual Studio Solution File, Format Version 12.00
# Visual Studio Version 17
VisualStudioVersion = 17.14.36310.24
MinimumVisualStudioVersion = 10.0.40219.1
Project("{FAE04EC0-301F-11D3-BF4B-00C04F79EFBC}") = "AlphaProject.API", "AlphaProject.API\AlphaProject.API.csproj", "{06E1DD7A-7019-4E01-94DA-3C601B7EB0B0}"
EndProject
Project("{FAE04EC0-301F-11D3-BF4B-00C04F79EFBC}") = "AlphaProject.Shared", "AlphaProject.Shared\AlphaProject.Shared.csproj", "{6ACB9A81-FB4A-4AD2-BE42-A38633D9D1F8}"
EndProject
Global
	GlobalSection(SolutionConfigurationPlatforms) = preSolution
		Debug|Any CPU = Debug|Any CPU
		Release|Any CPU = Release|Any CPU
	EndGlobalSection
	GlobalSection(ProjectConfigurationPlatforms) = postSolution
		{06E1DD7A-7019-4E01-94DA-3C601B7EB0B0}.Debug|Any CPU.ActiveCfg = Debug|Any CPU
		{06E1DD7A-7019-4E01-94DA-3C601B7EB0B0}.Debug|Any CPU.Build.0 = Debug|Any CPU
		{06E1DD7A-7019-4E01-94DA-3C601B7EB0B0}.Release|Any CPU.ActiveCfg = Release|Any CPU
		{06E1DD7A-7019-4E01-94DA-3C601B7EB0B0}.Release|Any CPU.Build.0 = Release|Any CPU
		{6ACB9A81-FB4A-4AD2-BE42-A38633D9D1F8}.Debug|Any CPU.ActiveCfg = Debug|Any CPU
		{6ACB9A81-FB4A-4AD2-BE42-A38633D9D1F8}.Debug|Any CPU.Build.0 = Debug|Any CPU
		{6ACB9A81-FB4A-4AD2-BE42-A38633D9D1F8}.Release|Any CPU.ActiveCfg = Release|Any CPU
		{6ACB9A81-FB4A-4AD2-BE42-A38633D9D1F8}.Release|Any CPU.Build.0 = Release|Any CPU
	EndGlobalSection
	GlobalSection(SolutionProperties) = preSolution
		HideSolutionNode = FALSE
	EndGlobalSection
	GlobalSection(ExtensibilityGlobals) = postSolution
		SolutionGuid = {58695752-5195-478B-808B-C4D9CB9EFA92}
	EndGlobalSection
EndGlobal
